
Microsoft Visual Studio Solution File, Format Version 12.00
# Visual Studio Version 16
VisualStudioVersion = 16.0.29418.71
MinimumVisualStudioVersion = 10.0.40219.1
Project("{FAE04EC0-301F-11D3-BF4B-00C04F79EFBC}") = "ContactsAppUI", "ContactsAppUI.csproj", "{C6E091F6-B235-44F6-8E7C-3888448A30E9}"
EndProject
Project("{9A19103F-16F7-4668-BE54-9A1E7A4F7556}") = "ContactsApp.Model", "..\ContactsAppClassLibrary\ContactsApp.Model.csproj", "{C1343780-5FC1-42E4-9659-E02F9934D11D}"
EndProject
Global
	GlobalSection(SolutionConfigurationPlatforms) = preSolution
		Debug|Any CPU = Debug|Any CPU
		Release|Any CPU = Release|Any CPU
	EndGlobalSection
	GlobalSection(ProjectConfigurationPlatforms) = postSolution
		{C6E091F6-B235-44F6-8E7C-3888448A30E9}.Debug|Any CPU.ActiveCfg = Debug|Any CPU
		{C6E091F6-B235-44F6-8E7C-3888448A30E9}.Debug|Any CPU.Build.0 = Debug|Any CPU
		{C6E091F6-B235-44F6-8E7C-3888448A30E9}.Release|Any CPU.ActiveCfg = Release|Any CPU
		{C6E091F6-B235-44F6-8E7C-3888448A30E9}.Release|Any CPU.Build.0 = Release|Any CPU
		{C1343780-5FC1-42E4-9659-E02F9934D11D}.Debug|Any CPU.ActiveCfg = Debug|Any CPU
		{C1343780-5FC1-42E4-9659-E02F9934D11D}.Debug|Any CPU.Build.0 = Debug|Any CPU
		{C1343780-5FC1-42E4-9659-E02F9934D11D}.Release|Any CPU.ActiveCfg = Release|Any CPU
		{C1343780-5FC1-42E4-9659-E02F9934D11D}.Release|Any CPU.Build.0 = Release|Any CPU
	EndGlobalSection
	GlobalSection(SolutionProperties) = preSolution
		HideSolutionNode = FALSE
	EndGlobalSection
	GlobalSection(ExtensibilityGlobals) = postSolution
		SolutionGuid = {35862F90-0F5F-4137-888F-CAE46B43CEF2}
	EndGlobalSection
EndGlobal
